
Microsoft Visual Studio Solution File, Format Version 12.00
# Visual Studio Version 16
VisualStudioVersion = 16.0.29519.87
MinimumVisualStudioVersion = 10.0.40219.1
Project("{FAE04EC0-301F-11D3-BF4B-00C04F79EFBC}") = "RTFTDIF.Common", "RTFTDIF.Common\RTFTDIF.Common.csproj", "{872ED6AF-A05E-433B-B792-B94290BF5272}"
EndProject
Project("{2150E333-8FDC-42A3-9474-1A3956D46DE8}") = "Libraries", "Libraries", "{87A69FBB-DC25-4975-8FA2-49DE73760167}"
EndProject
Project("{2150E333-8FDC-42A3-9474-1A3956D46DE8}") = "Client", "Client", "{ED279723-F842-4533-B9EA-4E5D41C839A8}"
EndProject
Project("{FAE04EC0-301F-11D3-BF4B-00C04F79EFBC}") = "RTFTDIF.Metro", "RTFTDIF.Metro\RTFTDIF.Metro.csproj", "{AC6D54FF-0E73-4F26-B890-6753ED53C5A5}"
EndProject
Project("{2150E333-8FDC-42A3-9474-1A3956D46DE8}") = "NewFolder1", "NewFolder1", "{B5D7AAF5-4BDB-4FBF-AC52-A20EEAFA9E56}"
EndProject
Project("{FAE04EC0-301F-11D3-BF4B-00C04F79EFBC}") = "RTFTDIF.VM", "RTFTDIF.VM\RTFTDIF.VM.csproj", "{E0A56A99-9098-45ED-9F7F-86EB139C0864}"
EndProject
Project("{FAE04EC0-301F-11D3-BF4B-00C04F79EFBC}") = "RTFTDIF.Core", "RTFTDIF.Core\RTFTDIF.Core.csproj", "{02F2CB01-5990-475A-AD1D-5DEB795700E4}"
EndProject
Global
	GlobalSection(SolutionConfigurationPlatforms) = preSolution
		Debug|Any CPU = Debug|Any CPU
		Release|Any CPU = Release|Any CPU
	EndGlobalSection
	GlobalSection(ProjectConfigurationPlatforms) = postSolution
		{872ED6AF-A05E-433B-B792-B94290BF5272}.Debug|Any CPU.ActiveCfg = Debug|Any CPU
		{872ED6AF-A05E-433B-B792-B94290BF5272}.Debug|Any CPU.Build.0 = Debug|Any CPU
		{872ED6AF-A05E-433B-B792-B94290BF5272}.Release|Any CPU.ActiveCfg = Release|Any CPU
		{872ED6AF-A05E-433B-B792-B94290BF5272}.Release|Any CPU.Build.0 = Release|Any CPU
		{AC6D54FF-0E73-4F26-B890-6753ED53C5A5}.Debug|Any CPU.ActiveCfg = Debug|Any CPU
		{AC6D54FF-0E73-4F26-B890-6753ED53C5A5}.Debug|Any CPU.Build.0 = Debug|Any CPU
		{AC6D54FF-0E73-4F26-B890-6753ED53C5A5}.Release|Any CPU.ActiveCfg = Release|Any CPU
		{AC6D54FF-0E73-4F26-B890-6753ED53C5A5}.Release|Any CPU.Build.0 = Release|Any CPU
		{E0A56A99-9098-45ED-9F7F-86EB139C0864}.Debug|Any CPU.ActiveCfg = Debug|Any CPU
		{E0A56A99-9098-45ED-9F7F-86EB139C0864}.Debug|Any CPU.Build.0 = Debug|Any CPU
		{E0A56A99-9098-45ED-9F7F-86EB139C0864}.Release|Any CPU.ActiveCfg = Release|Any CPU
		{E0A56A99-9098-45ED-9F7F-86EB139C0864}.Release|Any CPU.Build.0 = Release|Any CPU
		{02F2CB01-5990-475A-AD1D-5DEB795700E4}.Debug|Any CPU.ActiveCfg = Debug|Any CPU
		{02F2CB01-5990-475A-AD1D-5DEB795700E4}.Debug|Any CPU.Build.0 = Debug|Any CPU
		{02F2CB01-5990-475A-AD1D-5DEB795700E4}.Release|Any CPU.ActiveCfg = Release|Any CPU
		{02F2CB01-5990-475A-AD1D-5DEB795700E4}.Release|Any CPU.Build.0 = Release|Any CPU
	EndGlobalSection
	GlobalSection(SolutionProperties) = preSolution
		HideSolutionNode = FALSE
	EndGlobalSection
	GlobalSection(NestedProjects) = preSolution
		{872ED6AF-A05E-433B-B792-B94290BF5272} = {87A69FBB-DC25-4975-8FA2-49DE73760167}
		{AC6D54FF-0E73-4F26-B890-6753ED53C5A5} = {ED279723-F842-4533-B9EA-4E5D41C839A8}
		{E0A56A99-9098-45ED-9F7F-86EB139C0864} = {ED279723-F842-4533-B9EA-4E5D41C839A8}
		{02F2CB01-5990-475A-AD1D-5DEB795700E4} = {87A69FBB-DC25-4975-8FA2-49DE73760167}
	EndGlobalSection
	GlobalSection(ExtensibilityGlobals) = postSolution
		SolutionGuid = {9D6C6611-8807-448A-B25E-2CA73B6705EE}
	EndGlobalSection
EndGlobal
